
Microsoft Visual Studio Solution File, Format Version 12.00
# Visual Studio Version 16
VisualStudioVersion = 16.0.29424.173
MinimumVisualStudioVersion = 10.0.40219.1
Project("{FAE04EC0-301F-11D3-BF4B-00C04F79EFBC}") = "BE", "BE\BE.csproj", "{8B59FBBE-7475-466A-9307-94CCFFF7474C}"
EndProject
Project("{FAE04EC0-301F-11D3-BF4B-00C04F79EFBC}") = "DAL", "DAL\DAL.csproj", "{2D853030-665D-40B5-815F-0EC3075A955A}"
EndProject
Project("{FAE04EC0-301F-11D3-BF4B-00C04F79EFBC}") = "BL", "BL\BL.csproj", "{91F09719-A197-4145-A692-C5B1FB6E0AED}"
EndProject
Project("{FAE04EC0-301F-11D3-BF4B-00C04F79EFBC}") = "PL", "PL\PL.csproj", "{5DDA9103-D42C-432B-B7A7-7BC4AFAF3356}"
EndProject
Global
	GlobalSection(SolutionConfigurationPlatforms) = preSolution
		Debug|Any CPU = Debug|Any CPU
		Release|Any CPU = Release|Any CPU
	EndGlobalSection
	GlobalSection(ProjectConfigurationPlatforms) = postSolution
		{8B59FBBE-7475-466A-9307-94CCFFF7474C}.Debug|Any CPU.ActiveCfg = Debug|Any CPU
		{8B59FBBE-7475-466A-9307-94CCFFF7474C}.Debug|Any CPU.Build.0 = Debug|Any CPU
		{8B59FBBE-7475-466A-9307-94CCFFF7474C}.Release|Any CPU.ActiveCfg = Release|Any CPU
		{8B59FBBE-7475-466A-9307-94CCFFF7474C}.Release|Any CPU.Build.0 = Release|Any CPU
		{2D853030-665D-40B5-815F-0EC3075A955A}.Debug|Any CPU.ActiveCfg = Debug|Any CPU
		{2D853030-665D-40B5-815F-0EC3075A955A}.Debug|Any CPU.Build.0 = Debug|Any CPU
		{2D853030-665D-40B5-815F-0EC3075A955A}.Release|Any CPU.ActiveCfg = Release|Any CPU
		{2D853030-665D-40B5-815F-0EC3075A955A}.Release|Any CPU.Build.0 = Release|Any CPU
		{91F09719-A197-4145-A692-C5B1FB6E0AED}.Debug|Any CPU.ActiveCfg = Debug|Any CPU
		{91F09719-A197-4145-A692-C5B1FB6E0AED}.Debug|Any CPU.Build.0 = Debug|Any CPU
		{91F09719-A197-4145-A692-C5B1FB6E0AED}.Release|Any CPU.ActiveCfg = Release|Any CPU
		{91F09719-A197-4145-A692-C5B1FB6E0AED}.Release|Any CPU.Build.0 = Release|Any CPU
		{5DDA9103-D42C-432B-B7A7-7BC4AFAF3356}.Debug|Any CPU.ActiveCfg = Debug|Any CPU
		{5DDA9103-D42C-432B-B7A7-7BC4AFAF3356}.Debug|Any CPU.Build.0 = Debug|Any CPU
		{5DDA9103-D42C-432B-B7A7-7BC4AFAF3356}.Release|Any CPU.ActiveCfg = Release|Any CPU
		{5DDA9103-D42C-432B-B7A7-7BC4AFAF3356}.Release|Any CPU.Build.0 = Release|Any CPU
	EndGlobalSection
	GlobalSection(SolutionProperties) = preSolution
		HideSolutionNode = FALSE
	EndGlobalSection
	GlobalSection(ExtensibilityGlobals) = postSolution
		SolutionGuid = {FE78EDAF-5BB1-4057-9330-A5598B3AFA4F}
	EndGlobalSection
EndGlobal
